
Microsoft Visual Studio Solution File, Format Version 12.00
# Visual Studio 15
VisualStudioVersion = 15.0.27130.2020
MinimumVisualStudioVersion = 10.0.40219.1
Project("{FAE04EC0-301F-11D3-BF4B-00C04F79EFBC}") = "CurrencyService", "CurrencyService\CurrencyService.csproj", "{CF682FE2-40B5-4AA1-8677-5A5CCB512FBA}"
EndProject
Global
	GlobalSection(SolutionConfigurationPlatforms) = preSolution
		Debug|Any CPU = Debug|Any CPU
		Release|Any CPU = Release|Any CPU
	EndGlobalSection
	GlobalSection(ProjectConfigurationPlatforms) = postSolution
		{CF682FE2-40B5-4AA1-8677-5A5CCB512FBA}.Debug|Any CPU.ActiveCfg = Debug|Any CPU
		{CF682FE2-40B5-4AA1-8677-5A5CCB512FBA}.Debug|Any CPU.Build.0 = Debug|Any CPU
		{CF682FE2-40B5-4AA1-8677-5A5CCB512FBA}.Release|Any CPU.ActiveCfg = Release|Any CPU
		{CF682FE2-40B5-4AA1-8677-5A5CCB512FBA}.Release|Any CPU.Build.0 = Release|Any CPU
	EndGlobalSection
	GlobalSection(SolutionProperties) = preSolution
		HideSolutionNode = FALSE
	EndGlobalSection
	GlobalSection(ExtensibilityGlobals) = postSolution
		SolutionGuid = {00951BD9-914E-4F96-9FB0-A746CDB64381}
	EndGlobalSection
EndGlobal
