
Microsoft Visual Studio Solution File, Format Version 12.00
# Visual Studio 15
VisualStudioVersion = 15.0.27130.2020
MinimumVisualStudioVersion = 10.0.40219.1
Project("{FAE04EC0-301F-11D3-BF4B-00C04F79EFBC}") = "BitcoinService", "BitcoinService\BitcoinService.csproj", "{7E095230-54A4-43BC-B847-750040D470FC}"
EndProject
Global
	GlobalSection(SolutionConfigurationPlatforms) = preSolution
		Debug|Any CPU = Debug|Any CPU
		Release|Any CPU = Release|Any CPU
	EndGlobalSection
	GlobalSection(ProjectConfigurationPlatforms) = postSolution
		{7E095230-54A4-43BC-B847-750040D470FC}.Debug|Any CPU.ActiveCfg = Debug|Any CPU
		{7E095230-54A4-43BC-B847-750040D470FC}.Debug|Any CPU.Build.0 = Debug|Any CPU
		{7E095230-54A4-43BC-B847-750040D470FC}.Release|Any CPU.ActiveCfg = Release|Any CPU
		{7E095230-54A4-43BC-B847-750040D470FC}.Release|Any CPU.Build.0 = Release|Any CPU
	EndGlobalSection
	GlobalSection(SolutionProperties) = preSolution
		HideSolutionNode = FALSE
	EndGlobalSection
	GlobalSection(ExtensibilityGlobals) = postSolution
		SolutionGuid = {A9A84AED-F6DE-400B-A288-474CD5CF71CA}
	EndGlobalSection
EndGlobal
